# This file is generated by running "yarn install" inside your project.
# Manual changes might be lost - proceed with caution!

__metadata:
  version: 6
  cacheKey: 8

"@types/node@npm:^18.0.3":
  version: 18.0.3
  resolution: "@types/node@npm:18.0.3"
  checksum: 5dec59fbbc1186c808b53df1ca717dad034dbd6a901c75f5b052c845618b531b05f27217122c6254db99529a68618e4cfc534ae3dbf4e88754e9e572df80defa
  languageName: node
  linkType: hard

"buffer-from@npm:^1.0.0":
  version: 1.1.2
  resolution: "buffer-from@npm:1.1.2"
  checksum: 0448524a562b37d4d7ed9efd91685a5b77a50672c556ea254ac9a6d30e3403a517d8981f10e565db24e8339413b43c97ca2951f10e399c6125a0d8911f5679bb
  languageName: node
  linkType: hard

"commander@npm:^9.3.0":
  version: 9.3.0
  resolution: "commander@npm:9.3.0"
  checksum: d421ce66fee25792a1470c69aa8d1b86434bf873a96483aa92c8267f81a6f20c6f7c426f5e82f88ac50a8ec4855d3f2787aebcdef8aa559e1080a2337a95a217
  languageName: node
  linkType: hard

"esbuild-android-64@npm:0.14.48":
  version: 0.14.48
  resolution: "esbuild-android-64@npm:0.14.48"
  conditions: os=android & cpu=x64
  languageName: node
  linkType: hard

"esbuild-android-arm64@npm:0.14.48":
  version: 0.14.48
  resolution: "esbuild-android-arm64@npm:0.14.48"
  conditions: os=android & cpu=arm64
  languageName: node
  linkType: hard

"esbuild-darwin-64@npm:0.14.48":
  version: 0.14.48
  resolution: "esbuild-darwin-64@npm:0.14.48"
  conditions: os=darwin & cpu=x64
  languageName: node
  linkType: hard

"esbuild-darwin-arm64@npm:0.14.48":
  version: 0.14.48
  resolution: "esbuild-darwin-arm64@npm:0.14.48"
  conditions: os=darwin & cpu=arm64
  languageName: node
  linkType: hard

"esbuild-freebsd-64@npm:0.14.48":
  version: 0.14.48
  resolution: "esbuild-freebsd-64@npm:0.14.48"
  conditions: os=freebsd & cpu=x64
  languageName: node
  linkType: hard

"esbuild-freebsd-arm64@npm:0.14.48":
  version: 0.14.48
  resolution: "esbuild-freebsd-arm64@npm:0.14.48"
  conditions: os=freebsd & cpu=arm64
  languageName: node
  linkType: hard

"esbuild-linux-32@npm:0.14.48":
  version: 0.14.48
  resolution: "esbuild-linux-32@npm:0.14.48"
  conditions: os=linux & cpu=ia32
  languageName: node
  linkType: hard

"esbuild-linux-64@npm:0.14.48":
  version: 0.14.48
  resolution: "esbuild-linux-64@npm:0.14.48"
  conditions: os=linux & cpu=x64
  languageName: node
  linkType: hard

"esbuild-linux-arm64@npm:0.14.48":
  version: 0.14.48
  resolution: "esbuild-linux-arm64@npm:0.14.48"
  conditions: os=linux & cpu=arm64
  languageName: node
  linkType: hard

"esbuild-linux-arm@npm:0.14.48":
  version: 0.14.48
  resolution: "esbuild-linux-arm@npm:0.14.48"
  conditions: os=linux & cpu=arm
  languageName: node
  linkType: hard

"esbuild-linux-mips64le@npm:0.14.48":
  version: 0.14.48
  resolution: "esbuild-linux-mips64le@npm:0.14.48"
  conditions: os=linux & cpu=mips64el
  languageName: node
  linkType: hard

"esbuild-linux-ppc64le@npm:0.14.48":
  version: 0.14.48
  resolution: "esbuild-linux-ppc64le@npm:0.14.48"
  conditions: os=linux & cpu=ppc64
  languageName: node
  linkType: hard

"esbuild-linux-riscv64@npm:0.14.48":
  version: 0.14.48
  resolution: "esbuild-linux-riscv64@npm:0.14.48"
  conditions: os=linux & cpu=riscv64
  languageName: node
  linkType: hard

"esbuild-linux-s390x@npm:0.14.48":
  version: 0.14.48
  resolution: "esbuild-linux-s390x@npm:0.14.48"
  conditions: os=linux & cpu=s390x
  languageName: node
  linkType: hard

"esbuild-netbsd-64@npm:0.14.48":
  version: 0.14.48
  resolution: "esbuild-netbsd-64@npm:0.14.48"
  conditions: os=netbsd & cpu=x64
  languageName: node
  linkType: hard

"esbuild-openbsd-64@npm:0.14.48":
  version: 0.14.48
  resolution: "esbuild-openbsd-64@npm:0.14.48"
  conditions: os=openbsd & cpu=x64
  languageName: node
  linkType: hard

"esbuild-runner@npm:^2.2.1":
  version: 2.2.1
  resolution: "esbuild-runner@npm:2.2.1"
  dependencies:
    source-map-support: 0.5.19
    tslib: 2.3.1
  peerDependencies:
    esbuild: "*"
  bin:
    esr: bin/esr.js
  checksum: 6818c1a0b7773ca6d688ceb8dc33f8077eabf1a3154c86b5e9006321c11a29a5544500f56456e804cdbdefae2281614e2e2b2bf1173316f80e36a2da496d3795
  languageName: node
  linkType: hard

"esbuild-sunos-64@npm:0.14.48":
  version: 0.14.48
  resolution: "esbuild-sunos-64@npm:0.14.48"
  conditions: os=sunos & cpu=x64
  languageName: node
  linkType: hard

"esbuild-windows-32@npm:0.14.48":
  version: 0.14.48
  resolution: "esbuild-windows-32@npm:0.14.48"
  conditions: os=win32 & cpu=ia32
  languageName: node
  linkType: hard

"esbuild-windows-64@npm:0.14.48":
  version: 0.14.48
  resolution: "esbuild-windows-64@npm:0.14.48"
  conditions: os=win32 & cpu=x64
  languageName: node
  linkType: hard

"esbuild-windows-arm64@npm:0.14.48":
  version: 0.14.48
  resolution: "esbuild-windows-arm64@npm:0.14.48"
  conditions: os=win32 & cpu=arm64
  languageName: node
  linkType: hard

"esbuild@npm:^0.14.48":
  version: 0.14.48
  resolution: "esbuild@npm:0.14.48"
  dependencies:
    esbuild-android-64: 0.14.48
    esbuild-android-arm64: 0.14.48
    esbuild-darwin-64: 0.14.48
    esbuild-darwin-arm64: 0.14.48
    esbuild-freebsd-64: 0.14.48
    esbuild-freebsd-arm64: 0.14.48
    esbuild-linux-32: 0.14.48
    esbuild-linux-64: 0.14.48
    esbuild-linux-arm: 0.14.48
    esbuild-linux-arm64: 0.14.48
    esbuild-linux-mips64le: 0.14.48
    esbuild-linux-ppc64le: 0.14.48
    esbuild-linux-riscv64: 0.14.48
    esbuild-linux-s390x: 0.14.48
    esbuild-netbsd-64: 0.14.48
    esbuild-openbsd-64: 0.14.48
    esbuild-sunos-64: 0.14.48
    esbuild-windows-32: 0.14.48
    esbuild-windows-64: 0.14.48
    esbuild-windows-arm64: 0.14.48
  dependenciesMeta:
    esbuild-android-64:
      optional: true
    esbuild-android-arm64:
      optional: true
    esbuild-darwin-64:
      optional: true
    esbuild-darwin-arm64:
      optional: true
    esbuild-freebsd-64:
      optional: true
    esbuild-freebsd-arm64:
      optional: true
    esbuild-linux-32:
      optional: true
    esbuild-linux-64:
      optional: true
    esbuild-linux-arm:
      optional: true
    esbuild-linux-arm64:
      optional: true
    esbuild-linux-mips64le:
      optional: true
    esbuild-linux-ppc64le:
      optional: true
    esbuild-linux-riscv64:
      optional: true
    esbuild-linux-s390x:
      optional: true
    esbuild-netbsd-64:
      optional: true
    esbuild-openbsd-64:
      optional: true
    esbuild-sunos-64:
      optional: true
    esbuild-windows-32:
      optional: true
    esbuild-windows-64:
      optional: true
    esbuild-windows-arm64:
      optional: true
  bin:
    esbuild: bin/esbuild
  checksum: 352d5f5678b697eaafe0bb3374e3da013b31df98c2da17e94266f0bd9d421c531733df038d5b3548d1e8bc86daac0417f1ba2df1cc184685fdb899e1f309f47d
  languageName: node
  linkType: hard

"picocolors@npm:^1.0.0":
  version: 1.0.0
  resolution: "picocolors@npm:1.0.0"
  checksum: a2e8092dd86c8396bdba9f2b5481032848525b3dc295ce9b57896f931e63fc16f79805144321f72976383fc249584672a75cc18d6777c6b757603f372f745981
  languageName: node
  linkType: hard

"source-map-support@npm:0.5.19":
  version: 0.5.19
  resolution: "source-map-support@npm:0.5.19"
  dependencies:
    buffer-from: ^1.0.0
    source-map: ^0.6.0
  checksum: c72802fdba9cb62b92baef18cc14cc4047608b77f0353e6c36dd993444149a466a2845332c5540d4a6630957254f0f68f4ef5a0120c33d2e83974c51a05afbac
  languageName: node
  linkType: hard

"source-map@npm:^0.6.0":
  version: 0.6.1
  resolution: "source-map@npm:0.6.1"
  checksum: 59ce8640cf3f3124f64ac289012c2b8bd377c238e316fb323ea22fbfe83da07d81e000071d7242cad7a23cd91c7de98e4df8830ec3f133cb6133a5f6e9f67bc2
  languageName: node
  linkType: hard

"tslib@npm:2.3.1":
  version: 2.3.1
  resolution: "tslib@npm:2.3.1"
  checksum: de17a98d4614481f7fcb5cd53ffc1aaf8654313be0291e1bfaee4b4bb31a20494b7d218ff2e15017883e8ea9626599b3b0e0229c18383ba9dce89da2adf15cb9
  languageName: node
  linkType: hard

"typescript@npm:^4.7.4":
  version: 4.7.4
  resolution: "typescript@npm:4.7.4"
  bin:
    tsc: bin/tsc
    tsserver: bin/tsserver
  checksum: 5750181b1cd7e6482c4195825547e70f944114fb47e58e4aa7553e62f11b3f3173766aef9c281783edfd881f7b8299cf35e3ca8caebe73d8464528c907a164df
  languageName: node
  linkType: hard

"typescript@patch:typescript@^4.7.4#~builtin<compat/typescript>":
  version: 4.7.4
  resolution: "typescript@patch:typescript@npm%3A4.7.4#~builtin<compat/typescript>::version=4.7.4&hash=7ad353"
  bin:
    tsc: bin/tsc
    tsserver: bin/tsserver
  checksum: 9096d8f6c16cb80ef3bf96fcbbd055bf1c4a43bd14f3b7be45a9fbe7ada46ec977f604d5feed3263b4f2aa7d4c7477ce5f9cd87de0d6feedec69a983f3a4f93e
  languageName: node
  linkType: hard

"wordle-solver@workspace:.":
  version: 0.0.0-use.local
  resolution: "wordle-solver@workspace:."
  dependencies:
    "@types/node": ^18.0.3
    commander: ^9.3.0
    esbuild: ^0.14.48
    esbuild-runner: ^2.2.1
    picocolors: ^1.0.0
    typescript: ^4.7.4
  languageName: unknown
  linkType: soft
